// !$*UTF8*$!
{
	archiveVersion = 1;
	classes = {
	};
	objectVersion = 46;
	objects = {

/* Begin PBXBuildFile section */
		A2E8A93215CEF30500851CAA /* UIKit.framework in Frameworks */ = {isa = PBXBuildFile; fileRef = A2E8A93115CEF30500851CAA /* UIKit.framework */; };
		A2E8A93415CEF30500851CAA /* Foundation.framework in Frameworks */ = {isa = PBXBuildFile; fileRef = A2E8A93315CEF30500851CAA /* Foundation.framework */; };
		A2E8A93615CEF30500851CAA /* CoreGraphics.framework in Frameworks */ = {isa = PBXBuildFile; fileRef = A2E8A93515CEF30500851CAA /* CoreGraphics.framework */; };
		A2E8A93C15CEF30500851CAA /* InfoPlist.strings in Resources */ = {isa = PBXBuildFile; fileRef = A2E8A93A15CEF30500851CAA /* InfoPlist.strings */; };
		A2E8A93E15CEF30500851CAA /* main.m in Sources */ = {isa = PBXBuildFile; fileRef = A2E8A93D15CEF30500851CAA /* main.m */; };
		A2E8A94215CEF30500851CAA /* AppDelegate.m in Sources */ = {isa = PBXBuildFile; fileRef = A2E8A94115CEF30500851CAA /* AppDelegate.m */; };
		A2E8A94515CEF30500851CAA /* ViewController.m in Sources */ = {isa = PBXBuildFile; fileRef = A2E8A94415CEF30500851CAA /* ViewController.m */; };
		A2E8A94815CEF30500851CAA /* ViewController.xib in Resources */ = {isa = PBXBuildFile; fileRef = A2E8A94615CEF30500851CAA /* ViewController.xib */; };
		A2E8A96115CEFE1600851CAA /* Icon@2x.png in Resources */ = {isa = PBXBuildFile; fileRef = A2E8A95F15CEFE1600851CAA /* Icon@2x.png */; };
		A2E8A96315CEFE5400851CAA /* Icon.png in Resources */ = {isa = PBXBuildFile; fileRef = A2E8A96215CEFE5400851CAA /* Icon.png */; };
		A2E8A97015CFC96700851CAA /* cellv10.png in Resources */ = {isa = PBXBuildFile; fileRef = A2E8A96C15CFC96700851CAA /* cellv10.png */; };
		A2E8A97115CFC96700851CAA /* cellv10@2x.png in Resources */ = {isa = PBXBuildFile; fileRef = A2E8A96D15CFC96700851CAA /* cellv10@2x.png */; };
		A2E8A97215CFC96700851CAA /* cellv10g.png in Resources */ = {isa = PBXBuildFile; fileRef = A2E8A96E15CFC96700851CAA /* cellv10g.png */; };
		A2E8A97315CFC96700851CAA /* cellv10g@2x.png in Resources */ = {isa = PBXBuildFile; fileRef = A2E8A96F15CFC96700851CAA /* cellv10g@2x.png */; };
/* End PBXBuildFile section */

/* Begin PBXFileReference section */
		A2E8A92D15CEF30500851CAA /* iRSS.app */ = {isa = PBXFileReference; explicitFileType = wrapper.application; includeInIndex = 0; path = iRSS.app; sourceTree = BUILT_PRODUCTS_DIR; };
		A2E8A93115CEF30500851CAA /* UIKit.framework */ = {isa = PBXFileReference; lastKnownFileType = wrapper.framework; name = UIKit.framework; path = System/Library/Frameworks/UIKit.framework; sourceTree = SDKROOT; };
		A2E8A93315CEF30500851CAA /* Foundation.framework */ = {isa = PBXFileReference; lastKnownFileType = wrapper.framework; name = Foundation.framework; path = System/Library/Frameworks/Foundation.framework; sourceTree = SDKROOT; };
		A2E8A93515CEF30500851CAA /* CoreGraphics.framework */ = {isa = PBXFileReference; lastKnownFileType = wrapper.framework; name = CoreGraphics.framework; path = System/Library/Frameworks/CoreGraphics.framework; sourceTree = SDKROOT; };
		A2E8A93915CEF30500851CAA /* iRSS-Info.plist */ = {isa = PBXFileReference; lastKnownFileType = text.plist.xml; path = "iRSS-Info.plist"; sourceTree = "<group>"; };
		A2E8A93B15CEF30500851CAA /* en */ = {isa = PBXFileReference; lastKnownFileType = text.plist.strings; name = en; path = en.lproj/InfoPlist.strings; sourceTree = "<group>"; };
		A2E8A93D15CEF30500851CAA /* main.m */ = {isa = PBXFileReference; lastKnownFileType = sourcecode.c.objc; path = main.m; sourceTree = "<group>"; };
		A2E8A93F15CEF30500851CAA /* iRSS-Prefix.pch */ = {isa = PBXFileReference; lastKnownFileType = sourcecode.c.h; path = "iRSS-Prefix.pch"; sourceTree = "<group>"; };
		A2E8A94015CEF30500851CAA /* AppDelegate.h */ = {isa = PBXFileReference; lastKnownFileType = sourcecode.c.h; path = AppDelegate.h; sourceTree = "<group>"; };
		A2E8A94115CEF30500851CAA /* AppDelegate.m */ = {isa = PBXFileReference; lastKnownFileType = sourcecode.c.objc; path = AppDelegate.m; sourceTree = "<group>"; };
		A2E8A94315CEF30500851CAA /* ViewController.h */ = {isa = PBXFileReference; lastKnownFileType = sourcecode.c.h; path = ViewController.h; sourceTree = "<group>"; };
		A2E8A94415CEF30500851CAA /* ViewController.m */ = {isa = PBXFileReference; lastKnownFileType = sourcecode.c.objc; path = ViewController.m; sourceTree = "<group>"; };
		A2E8A94715CEF30500851CAA /* en */ = {isa = PBXFileReference; lastKnownFileType = file.xib; name = en; path = en.lproj/ViewController.xib; sourceTree = "<group>"; };
		A2E8A95F15CEFE1600851CAA /* Icon@2x.png */ = {isa = PBXFileReference; lastKnownFileType = image.png; path = "Icon@2x.png"; sourceTree = "<group>"; };
		A2E8A96215CEFE5400851CAA /* Icon.png */ = {isa = PBXFileReference; lastKnownFileType = image.png; path = Icon.png; sourceTree = "<group>"; };
		A2E8A96C15CFC96700851CAA /* cellv10.png */ = {isa = PBXFileReference; lastKnownFileType = image.png; path = cellv10.png; sourceTree = "<group>"; };
		A2E8A96D15CFC96700851CAA /* cellv10@2x.png */ = {isa = PBXFileReference; lastKnownFileType = image.png; path = "cellv10@2x.png"; sourceTree = "<group>"; };
		A2E8A96E15CFC96700851CAA /* cellv10g.png */ = {isa = PBXFileReference; lastKnownFileType = image.png; path = cellv10g.png; sourceTree = "<group>"; };
		A2E8A96F15CFC96700851CAA /* cellv10g@2x.png */ = {isa = PBXFileReference; lastKnownFileType = image.png; path = "cellv10g@2x.png"; sourceTree = "<group>"; };
/* End PBXFileReference section */

/* Begin PBXFrameworksBuildPhase section */
		A2E8A92A15CEF30500851CAA /* Frameworks */ = {
			isa = PBXFrameworksBuildPhase;
			buildActionMask = 2147483647;
			files = (
				A2E8A93215CEF30500851CAA /* UIKit.framework in Frameworks */,
				A2E8A93415CEF30500851CAA /* Foundation.framework in Frameworks */,
				A2E8A93615CEF30500851CAA /* CoreGraphics.framework in Frameworks */,
			);
			runOnlyForDeploymentPostprocessing = 0;
		};
/* End PBXFrameworksBuildPhase section */

/* Begin PBXGroup section */
		A2E8A92215CEF30500851CAA = {
			isa = PBXGroup;
			children = (
				A2E8A96215CEFE5400851CAA /* Icon.png */,
				A2E8A95F15CEFE1600851CAA /* Icon@2x.png */,
				A2E8A93715CEF30500851CAA /* iRSS */,
				A2E8A93015CEF30500851CAA /* Frameworks */,
				A2E8A92E15CEF30500851CAA /* Products */,
			);
			sourceTree = "<group>";
		};
		A2E8A92E15CEF30500851CAA /* Products */ = {
			isa = PBXGroup;
			children = (
				A2E8A92D15CEF30500851CAA /* iRSS.app */,
			);
			name = Products;
			sourceTree = "<group>";
		};
		A2E8A93015CEF30500851CAA /* Frameworks */ = {
			isa = PBXGroup;
			children = (
				A2E8A93115CEF30500851CAA /* UIKit.framework */,
				A2E8A93315CEF30500851CAA /* Foundation.framework */,
				A2E8A93515CEF30500851CAA /* CoreGraphics.framework */,
			);
			name = Frameworks;
			sourceTree = "<group>";
		};
		A2E8A93715CEF30500851CAA /* iRSS */ = {
			isa = PBXGroup;
			children = (
				A2E8A94015CEF30500851CAA /* AppDelegate.h */,
				A2E8A94115CEF30500851CAA /* AppDelegate.m */,
				A2E8A94315CEF30500851CAA /* ViewController.h */,
				A2E8A94415CEF30500851CAA /* ViewController.m */,
				A2E8A94615CEF30500851CAA /* ViewController.xib */,
				A2E8A93815CEF30500851CAA /* Supporting Files */,
			);
			path = iRSS;
			sourceTree = "<group>";
		};
		A2E8A93815CEF30500851CAA /* Supporting Files */ = {
			isa = PBXGroup;
			children = (
				A2E8A96C15CFC96700851CAA /* cellv10.png */,
				A2E8A96D15CFC96700851CAA /* cellv10@2x.png */,
				A2E8A96E15CFC96700851CAA /* cellv10g.png */,
				A2E8A96F15CFC96700851CAA /* cellv10g@2x.png */,
				A2E8A93915CEF30500851CAA /* iRSS-Info.plist */,
				A2E8A93A15CEF30500851CAA /* InfoPlist.strings */,
				A2E8A93D15CEF30500851CAA /* main.m */,
				A2E8A93F15CEF30500851CAA /* iRSS-Prefix.pch */,
			);
			name = "Supporting Files";
			sourceTree = "<group>";
		};
/* End PBXGroup section */

/* Begin PBXNativeTarget section */
		A2E8A92C15CEF30500851CAA /* iRSS */ = {
			isa = PBXNativeTarget;
			buildConfigurationList = A2E8A94B15CEF30500851CAA /* Build configuration list for PBXNativeTarget "iRSS" */;
			buildPhases = (
				A2E8A92915CEF30500851CAA /* Sources */,
				A2E8A92A15CEF30500851CAA /* Frameworks */,
				A2E8A92B15CEF30500851CAA /* Resources */,
			);
			buildRules = (
			);
			dependencies = (
			);
			name = iRSS;
			productName = iRSS;
			productReference = A2E8A92D15CEF30500851CAA /* iRSS.app */;
			productType = "com.apple.product-type.application";
		};
/* End PBXNativeTarget section */

/* Begin PBXProject section */
		A2E8A92415CEF30500851CAA /* Project object */ = {
			isa = PBXProject;
			attributes = {
				LastUpgradeCheck = 0440;
				ORGANIZATIONNAME = Supertecnoboff;
			};
			buildConfigurationList = A2E8A92715CEF30500851CAA /* Build configuration list for PBXProject "iRSS" */;
			compatibilityVersion = "Xcode 3.2";
			developmentRegion = English;
			hasScannedForEncodings = 0;
			knownRegions = (
				en,
			);
			mainGroup = A2E8A92215CEF30500851CAA;
			productRefGroup = A2E8A92E15CEF30500851CAA /* Products */;
			projectDirPath = "";
			projectRoot = "";
			targets = (
				A2E8A92C15CEF30500851CAA /* iRSS */,
			);
		};
/* End PBXProject section */

/* Begin PBXResourcesBuildPhase section */
		A2E8A92B15CEF30500851CAA /* Resources */ = {
			isa = PBXResourcesBuildPhase;
			buildActionMask = 2147483647;
			files = (
				A2E8A93C15CEF30500851CAA /* InfoPlist.strings in Resources */,
				A2E8A94815CEF30500851CAA /* ViewController.xib in Resources */,
				A2E8A96115CEFE1600851CAA /* Icon@2x.png in Resources */,
				A2E8A96315CEFE5400851CAA /* Icon.png in Resources */,
				A2E8A97015CFC96700851CAA /* cellv10.png in Resources */,
				A2E8A97115CFC96700851CAA /* cellv10@2x.png in Resources */,
				A2E8A97215CFC96700851CAA /* cellv10g.png in Resources */,
				A2E8A97315CFC96700851CAA /* cellv10g@2x.png in Resources */,
			);
			runOnlyForDeploymentPostprocessing = 0;
		};
/* End PBXResourcesBuildPhase section */

/* Begin PBXSourcesBuildPhase section */
		A2E8A92915CEF30500851CAA /* Sources */ = {
			isa = PBXSourcesBuildPhase;
			buildActionMask = 2147483647;
			files = (
				A2E8A93E15CEF30500851CAA /* main.m in Sources */,
				A2E8A94215CEF30500851CAA /* AppDelegate.m in Sources */,
				A2E8A94515CEF30500851CAA /* ViewController.m in Sources */,
			);
			runOnlyForDeploymentPostprocessing = 0;
		};
/* End PBXSourcesBuildPhase section */

/* Begin PBXVariantGroup section */
		A2E8A93A15CEF30500851CAA /* InfoPlist.strings */ = {
			isa = PBXVariantGroup;
			children = (
				A2E8A93B15CEF30500851CAA /* en */,
			);
			name = InfoPlist.strings;
			sourceTree = "<group>";
		};
		A2E8A94615CEF30500851CAA /* ViewController.xib */ = {
			isa = PBXVariantGroup;
			children = (
				A2E8A94715CEF30500851CAA /* en */,
			);
			name = ViewController.xib;
			sourceTree = "<group>";
		};
/* End PBXVariantGroup section */

/* Begin XCBuildConfiguration section */
		A2E8A94915CEF30500851CAA /* Debug */ = {
			isa = XCBuildConfiguration;
			buildSettings = {
				ALWAYS_SEARCH_USER_PATHS = NO;
				ARCHS = "$(ARCHS_STANDARD_32_BIT)";
				CLANG_CXX_LANGUAGE_STANDARD = "gnu++0x";
				CLANG_ENABLE_OBJC_ARC = YES;
				CLANG_WARN__DUPLICATE_METHOD_MATCH = YES;
				"CODE_SIGN_IDENTITY[sdk=iphoneos*]" = "iPhone Developer";
				COPY_PHASE_STRIP = NO;
				GCC_C_LANGUAGE_STANDARD = gnu99;
				GCC_DYNAMIC_NO_PIC = NO;
				GCC_OPTIMIZATION_LEVEL = 0;
				GCC_PREPROCESSOR_DEFINITIONS = (
					"DEBUG=1",
					"$(inherited)",
				);
				GCC_SYMBOLS_PRIVATE_EXTERN = NO;
				GCC_VERSION = com.apple.compilers.llvm.clang.1_0;
				GCC_WARN_ABOUT_RETURN_TYPE = YES;
				GCC_WARN_UNINITIALIZED_AUTOS = YES;
				GCC_WARN_UNUSED_VARIABLE = YES;
				IPHONEOS_DEPLOYMENT_TARGET = 5.1;
				SDKROOT = iphoneos;
			};
			name = Debug;
		};
		A2E8A94A15CEF30500851CAA /* Release */ = {
			isa = XCBuildConfiguration;
			buildSettings = {
				ALWAYS_SEARCH_USER_PATHS = NO;
				ARCHS = "$(ARCHS_STANDARD_32_BIT)";
				CLANG_CXX_LANGUAGE_STANDARD = "gnu++0x";
				CLANG_ENABLE_OBJC_ARC = YES;
				CLANG_WARN__DUPLICATE_METHOD_MATCH = YES;
				"CODE_SIGN_IDENTITY[sdk=iphoneos*]" = "iPhone Developer";
				COPY_PHASE_STRIP = YES;
				GCC_C_LANGUAGE_STANDARD = gnu99;
				GCC_VERSION = com.apple.compilers.llvm.clang.1_0;
				GCC_WARN_ABOUT_RETURN_TYPE = YES;
				GCC_WARN_UNINITIALIZED_AUTOS = YES;
				GCC_WARN_UNUSED_VARIABLE = YES;
				IPHONEOS_DEPLOYMENT_TARGET = 5.1;
				OTHER_CFLAGS = "-DNS_BLOCK_ASSERTIONS=1";
				SDKROOT = iphoneos;
				VALIDATE_PRODUCT = YES;
			};
			name = Release;
		};
		A2E8A94C15CEF30500851CAA /* Debug */ = {
			isa = XCBuildConfiguration;
			buildSettings = {
				GCC_PRECOMPILE_PREFIX_HEADER = YES;
				GCC_PREFIX_HEADER = "iRSS/iRSS-Prefix.pch";
				INFOPLIST_FILE = "iRSS/iRSS-Info.plist";
				IPHONEOS_DEPLOYMENT_TARGET = 4.3;
				PRODUCT_NAME = "$(TARGET_NAME)";
				WRAPPER_EXTENSION = app;
			};
			name = Debug;
		};
		A2E8A94D15CEF30500851CAA /* Release */ = {
			isa = XCBuildConfiguration;
			buildSettings = {
				GCC_PRECOMPILE_PREFIX_HEADER = YES;
				GCC_PREFIX_HEADER = "iRSS/iRSS-Prefix.pch";
				INFOPLIST_FILE = "iRSS/iRSS-Info.plist";
				IPHONEOS_DEPLOYMENT_TARGET = 4.3;
				PRODUCT_NAME = "$(TARGET_NAME)";
				WRAPPER_EXTENSION = app;
			};
			name = Release;
		};
/* End XCBuildConfiguration section */

/* Begin XCConfigurationList section */
		A2E8A92715CEF30500851CAA /* Build configuration list for PBXProject "iRSS" */ = {
			isa = XCConfigurationList;
			buildConfigurations = (
				A2E8A94915CEF30500851CAA /* Debug */,
				A2E8A94A15CEF30500851CAA /* Release */,
			);
			defaultConfigurationIsVisible = 0;
			defaultConfigurationName = Release;
		};
		A2E8A94B15CEF30500851CAA /* Build configuration list for PBXNativeTarget "iRSS" */ = {
			isa = XCConfigurationList;
			buildConfigurations = (
				A2E8A94C15CEF30500851CAA /* Debug */,
				A2E8A94D15CEF30500851CAA /* Release */,
			);
			defaultConfigurationIsVisible = 0;
		};
/* End XCConfigurationList section */
	};
	rootObject = A2E8A92415CEF30500851CAA /* Project object */;
}
